
Microsoft Visual Studio Solution File, Format Version 12.00
# Visual Studio Version 17
VisualStudioVersion = 17.8.34330.188
MinimumVisualStudioVersion = 10.0.40219.1
Project("{9A19103F-16F7-4668-BE54-9A1E7A4F7556}") = "StudentWpfApp", "StudentWpfApp.csproj", "{6B31E90E-5679-4631-943E-8730D27E6619}"
EndProject
Global
	GlobalSection(SolutionConfigurationPlatforms) = preSolution
		Debug|Any CPU = Debug|Any CPU
		Release|Any CPU = Release|Any CPU
	EndGlobalSection
	GlobalSection(ProjectConfigurationPlatforms) = postSolution
		{6B31E90E-5679-4631-943E-8730D27E6619}.Debug|Any CPU.ActiveCfg = Debug|Any CPU
		{6B31E90E-5679-4631-943E-8730D27E6619}.Debug|Any CPU.Build.0 = Debug|Any CPU
		{6B31E90E-5679-4631-943E-8730D27E6619}.Release|Any CPU.ActiveCfg = Release|Any CPU
		{6B31E90E-5679-4631-943E-8730D27E6619}.Release|Any CPU.Build.0 = Release|Any CPU
	EndGlobalSection
	GlobalSection(SolutionProperties) = preSolution
		HideSolutionNode = FALSE
	EndGlobalSection
	GlobalSection(ExtensibilityGlobals) = postSolution
		SolutionGuid = {E4F94799-65A8-4F3D-9CAD-2C53ABAA00F5}
	EndGlobalSection
EndGlobal
